
Microsoft Visual Studio Solution File, Format Version 12.00
Project("{FAE04EC0-301F-11D3-BF4B-00C04F79EFBC}") = "BeerShop.UI", "BeerShop.UI\BeerShop.UI.csproj", "{B97A0DF6-42F3-43FE-AFAC-8B4AA1BE99B4}"
EndProject
Project("{2150E333-8FDC-42A3-9474-1A3956D46DE8}") = "src", "src", "{87EDBEF6-A6BA-4DE5-B29D-FAD0AF19E4CB}"
EndProject
Project("{2150E333-8FDC-42A3-9474-1A3956D46DE8}") = "tests", "tests", "{DECB58EE-D8B4-4D8D-9485-8E05A3014652}"
EndProject
Project("{FAE04EC0-301F-11D3-BF4B-00C04F79EFBC}") = "BeerShop.Core", "BeerShop.Core\BeerShop.Core.csproj", "{0E81B543-1E22-4EEA-824A-8BC93116272B}"
EndProject
Project("{FAE04EC0-301F-11D3-BF4B-00C04F79EFBC}") = "BeerShop.Infrastructure", "BeerShop.Infrastructure\BeerShop.Infrastructure.csproj", "{7F3907FA-778B-40E6-85EA-96B67B8EFD59}"
EndProject
Global
	GlobalSection(SolutionConfigurationPlatforms) = preSolution
		Debug|Any CPU = Debug|Any CPU
		Release|Any CPU = Release|Any CPU
	EndGlobalSection
	GlobalSection(ProjectConfigurationPlatforms) = postSolution
		{B97A0DF6-42F3-43FE-AFAC-8B4AA1BE99B4}.Debug|Any CPU.ActiveCfg = Debug|Any CPU
		{B97A0DF6-42F3-43FE-AFAC-8B4AA1BE99B4}.Debug|Any CPU.Build.0 = Debug|Any CPU
		{B97A0DF6-42F3-43FE-AFAC-8B4AA1BE99B4}.Release|Any CPU.ActiveCfg = Release|Any CPU
		{B97A0DF6-42F3-43FE-AFAC-8B4AA1BE99B4}.Release|Any CPU.Build.0 = Release|Any CPU
		{0E81B543-1E22-4EEA-824A-8BC93116272B}.Debug|Any CPU.ActiveCfg = Debug|Any CPU
		{0E81B543-1E22-4EEA-824A-8BC93116272B}.Debug|Any CPU.Build.0 = Debug|Any CPU
		{0E81B543-1E22-4EEA-824A-8BC93116272B}.Release|Any CPU.ActiveCfg = Release|Any CPU
		{0E81B543-1E22-4EEA-824A-8BC93116272B}.Release|Any CPU.Build.0 = Release|Any CPU
		{7F3907FA-778B-40E6-85EA-96B67B8EFD59}.Debug|Any CPU.ActiveCfg = Debug|Any CPU
		{7F3907FA-778B-40E6-85EA-96B67B8EFD59}.Debug|Any CPU.Build.0 = Debug|Any CPU
		{7F3907FA-778B-40E6-85EA-96B67B8EFD59}.Release|Any CPU.ActiveCfg = Release|Any CPU
		{7F3907FA-778B-40E6-85EA-96B67B8EFD59}.Release|Any CPU.Build.0 = Release|Any CPU
	EndGlobalSection
	GlobalSection(NestedProjects) = preSolution
		{B97A0DF6-42F3-43FE-AFAC-8B4AA1BE99B4} = {87EDBEF6-A6BA-4DE5-B29D-FAD0AF19E4CB}
		{0E81B543-1E22-4EEA-824A-8BC93116272B} = {87EDBEF6-A6BA-4DE5-B29D-FAD0AF19E4CB}
		{7F3907FA-778B-40E6-85EA-96B67B8EFD59} = {87EDBEF6-A6BA-4DE5-B29D-FAD0AF19E4CB}
	EndGlobalSection
EndGlobal
